
Microsoft Visual Studio Solution File, Format Version 12.00
# Visual Studio Version 16
VisualStudioVersion = 16.0.31112.23
MinimumVisualStudioVersion = 10.0.40219.1
Project("{FAE04EC0-301F-11D3-BF4B-00C04F79EFBC}") = "10171", "10171\10171.csproj", "{B6E1CAD0-5A04-480B-85F0-9BC374C48B1C}"
EndProject
Project("{FAE04EC0-301F-11D3-BF4B-00C04F79EFBC}") = "10172", "10172\10172.csproj", "{9836DB3D-7510-4FEC-AB6A-A9C16F1427E8}"
EndProject
Project("{FAE04EC0-301F-11D3-BF4B-00C04F79EFBC}") = "1330", "1330\1330.csproj", "{016825F3-F6B8-4933-A085-2EAB2A133336}"
EndProject
Project("{FAE04EC0-301F-11D3-BF4B-00C04F79EFBC}") = "Q4673", "Q4673\Q4673.csproj", "{292D150C-5C07-42EA-B64B-338F89E2D961}"
EndProject
Project("{FAE04EC0-301F-11D3-BF4B-00C04F79EFBC}") = "Q1065", "Q1065\Q1065.csproj", "{FC67B837-8A2C-4BA7-954F-9D448073917B}"
EndProject
Project("{FAE04EC0-301F-11D3-BF4B-00C04F79EFBC}") = "Q1712", "Q1712\Q1712.csproj", "{4A1562A8-04B1-4F1C-AA67-34C2B4418DAF}"
EndProject
Project("{FAE04EC0-301F-11D3-BF4B-00C04F79EFBC}") = "Q10872", "Q10872\Q10872.csproj", "{0DCB00F1-9276-4C3A-84AC-8FB80EFE04ED}"
EndProject
Project("{FAE04EC0-301F-11D3-BF4B-00C04F79EFBC}") = "Q10870", "Q10870\Q10870.csproj", "{470D2CD2-EFB4-4197-AE09-A6B7289D4B44}"
EndProject
Project("{FAE04EC0-301F-11D3-BF4B-00C04F79EFBC}") = "Q2447", "Q2447\Q2447.csproj", "{8A0AE499-6371-41C1-9067-9A84CCB488C9}"
EndProject
Project("{FAE04EC0-301F-11D3-BF4B-00C04F79EFBC}") = "Q11729", "Q11729\Q11729.csproj", "{1BE353E5-FB2E-4587-B8C5-85A101B0F083}"
EndProject
Project("{2150E333-8FDC-42A3-9474-1A3956D46DE8}") = "Brute Force", "Brute Force", "{D643AFF9-A3A1-42B1-AC7F-B0E0AA7FB629}"
EndProject
Project("{FAE04EC0-301F-11D3-BF4B-00C04F79EFBC}") = "Q2798", "Q2798\Q2798.csproj", "{840850A6-0393-4CCD-8763-7ACF9447F276}"
EndProject
Project("{FAE04EC0-301F-11D3-BF4B-00C04F79EFBC}") = "Q1037", "Q1037\Q1037.csproj", "{69BC89CF-3DA5-441B-91ED-ACDF88D73B90}"
EndProject
Project("{FAE04EC0-301F-11D3-BF4B-00C04F79EFBC}") = "Q1059", "Q1059\Q1059.csproj", "{44441006-4A00-43BC-B7FC-2B65BBFF628C}"
EndProject
Project("{FAE04EC0-301F-11D3-BF4B-00C04F79EFBC}") = "Q2231", "Q2231\Q2231.csproj", "{A9DE0B86-F8ED-43AA-9192-9850E9173277}"
EndProject
Project("{2150E333-8FDC-42A3-9474-1A3956D46DE8}") = "Math1", "Math1", "{A7867BC0-F5BA-4242-A39A-4AEF26D57D9F}"
EndProject
Project("{FAE04EC0-301F-11D3-BF4B-00C04F79EFBC}") = "Q2292", "Q2292\Q2292.csproj", "{BB2CD3A7-771D-4093-B08D-D2017035CD18}"
EndProject
Project("{FAE04EC0-301F-11D3-BF4B-00C04F79EFBC}") = "TestProject1", "TestProject1\TestProject1.csproj", "{B1876A42-B07F-4AD7-9F1C-1C426166CB15}"
EndProject
Global
	GlobalSection(SolutionConfigurationPlatforms) = preSolution
		Debug|Any CPU = Debug|Any CPU
		Release|Any CPU = Release|Any CPU
	EndGlobalSection
	GlobalSection(ProjectConfigurationPlatforms) = postSolution
		{B6E1CAD0-5A04-480B-85F0-9BC374C48B1C}.Debug|Any CPU.ActiveCfg = Debug|Any CPU
		{B6E1CAD0-5A04-480B-85F0-9BC374C48B1C}.Debug|Any CPU.Build.0 = Debug|Any CPU
		{B6E1CAD0-5A04-480B-85F0-9BC374C48B1C}.Release|Any CPU.ActiveCfg = Release|Any CPU
		{B6E1CAD0-5A04-480B-85F0-9BC374C48B1C}.Release|Any CPU.Build.0 = Release|Any CPU
		{9836DB3D-7510-4FEC-AB6A-A9C16F1427E8}.Debug|Any CPU.ActiveCfg = Debug|Any CPU
		{9836DB3D-7510-4FEC-AB6A-A9C16F1427E8}.Debug|Any CPU.Build.0 = Debug|Any CPU
		{9836DB3D-7510-4FEC-AB6A-A9C16F1427E8}.Release|Any CPU.ActiveCfg = Release|Any CPU
		{9836DB3D-7510-4FEC-AB6A-A9C16F1427E8}.Release|Any CPU.Build.0 = Release|Any CPU
		{016825F3-F6B8-4933-A085-2EAB2A133336}.Debug|Any CPU.ActiveCfg = Debug|Any CPU
		{016825F3-F6B8-4933-A085-2EAB2A133336}.Debug|Any CPU.Build.0 = Debug|Any CPU
		{016825F3-F6B8-4933-A085-2EAB2A133336}.Release|Any CPU.ActiveCfg = Release|Any CPU
		{016825F3-F6B8-4933-A085-2EAB2A133336}.Release|Any CPU.Build.0 = Release|Any CPU
		{292D150C-5C07-42EA-B64B-338F89E2D961}.Debug|Any CPU.ActiveCfg = Debug|Any CPU
		{292D150C-5C07-42EA-B64B-338F89E2D961}.Debug|Any CPU.Build.0 = Debug|Any CPU
		{292D150C-5C07-42EA-B64B-338F89E2D961}.Release|Any CPU.ActiveCfg = Release|Any CPU
		{292D150C-5C07-42EA-B64B-338F89E2D961}.Release|Any CPU.Build.0 = Release|Any CPU
		{FC67B837-8A2C-4BA7-954F-9D448073917B}.Debug|Any CPU.ActiveCfg = Debug|Any CPU
		{FC67B837-8A2C-4BA7-954F-9D448073917B}.Debug|Any CPU.Build.0 = Debug|Any CPU
		{FC67B837-8A2C-4BA7-954F-9D448073917B}.Release|Any CPU.ActiveCfg = Release|Any CPU
		{FC67B837-8A2C-4BA7-954F-9D448073917B}.Release|Any CPU.Build.0 = Release|Any CPU
		{4A1562A8-04B1-4F1C-AA67-34C2B4418DAF}.Debug|Any CPU.ActiveCfg = Debug|Any CPU
		{4A1562A8-04B1-4F1C-AA67-34C2B4418DAF}.Debug|Any CPU.Build.0 = Debug|Any CPU
		{4A1562A8-04B1-4F1C-AA67-34C2B4418DAF}.Release|Any CPU.ActiveCfg = Release|Any CPU
		{4A1562A8-04B1-4F1C-AA67-34C2B4418DAF}.Release|Any CPU.Build.0 = Release|Any CPU
		{0DCB00F1-9276-4C3A-84AC-8FB80EFE04ED}.Debug|Any CPU.ActiveCfg = Debug|Any CPU
		{0DCB00F1-9276-4C3A-84AC-8FB80EFE04ED}.Debug|Any CPU.Build.0 = Debug|Any CPU
		{0DCB00F1-9276-4C3A-84AC-8FB80EFE04ED}.Release|Any CPU.ActiveCfg = Release|Any CPU
		{0DCB00F1-9276-4C3A-84AC-8FB80EFE04ED}.Release|Any CPU.Build.0 = Release|Any CPU
		{470D2CD2-EFB4-4197-AE09-A6B7289D4B44}.Debug|Any CPU.ActiveCfg = Debug|Any CPU
		{470D2CD2-EFB4-4197-AE09-A6B7289D4B44}.Debug|Any CPU.Build.0 = Debug|Any CPU
		{470D2CD2-EFB4-4197-AE09-A6B7289D4B44}.Release|Any CPU.ActiveCfg = Release|Any CPU
		{470D2CD2-EFB4-4197-AE09-A6B7289D4B44}.Release|Any CPU.Build.0 = Release|Any CPU
		{8A0AE499-6371-41C1-9067-9A84CCB488C9}.Debug|Any CPU.ActiveCfg = Debug|Any CPU
		{8A0AE499-6371-41C1-9067-9A84CCB488C9}.Debug|Any CPU.Build.0 = Debug|Any CPU
		{8A0AE499-6371-41C1-9067-9A84CCB488C9}.Release|Any CPU.ActiveCfg = Release|Any CPU
		{8A0AE499-6371-41C1-9067-9A84CCB488C9}.Release|Any CPU.Build.0 = Release|Any CPU
		{1BE353E5-FB2E-4587-B8C5-85A101B0F083}.Debug|Any CPU.ActiveCfg = Debug|Any CPU
		{1BE353E5-FB2E-4587-B8C5-85A101B0F083}.Debug|Any CPU.Build.0 = Debug|Any CPU
		{1BE353E5-FB2E-4587-B8C5-85A101B0F083}.Release|Any CPU.ActiveCfg = Release|Any CPU
		{1BE353E5-FB2E-4587-B8C5-85A101B0F083}.Release|Any CPU.Build.0 = Release|Any CPU
		{840850A6-0393-4CCD-8763-7ACF9447F276}.Debug|Any CPU.ActiveCfg = Debug|Any CPU
		{840850A6-0393-4CCD-8763-7ACF9447F276}.Debug|Any CPU.Build.0 = Debug|Any CPU
		{840850A6-0393-4CCD-8763-7ACF9447F276}.Release|Any CPU.ActiveCfg = Release|Any CPU
		{840850A6-0393-4CCD-8763-7ACF9447F276}.Release|Any CPU.Build.0 = Release|Any CPU
		{69BC89CF-3DA5-441B-91ED-ACDF88D73B90}.Debug|Any CPU.ActiveCfg = Debug|Any CPU
		{69BC89CF-3DA5-441B-91ED-ACDF88D73B90}.Debug|Any CPU.Build.0 = Debug|Any CPU
		{69BC89CF-3DA5-441B-91ED-ACDF88D73B90}.Release|Any CPU.ActiveCfg = Release|Any CPU
		{69BC89CF-3DA5-441B-91ED-ACDF88D73B90}.Release|Any CPU.Build.0 = Release|Any CPU
		{44441006-4A00-43BC-B7FC-2B65BBFF628C}.Debug|Any CPU.ActiveCfg = Debug|Any CPU
		{44441006-4A00-43BC-B7FC-2B65BBFF628C}.Debug|Any CPU.Build.0 = Debug|Any CPU
		{44441006-4A00-43BC-B7FC-2B65BBFF628C}.Release|Any CPU.ActiveCfg = Release|Any CPU
		{44441006-4A00-43BC-B7FC-2B65BBFF628C}.Release|Any CPU.Build.0 = Release|Any CPU
		{A9DE0B86-F8ED-43AA-9192-9850E9173277}.Debug|Any CPU.ActiveCfg = Debug|Any CPU
		{A9DE0B86-F8ED-43AA-9192-9850E9173277}.Debug|Any CPU.Build.0 = Debug|Any CPU
		{A9DE0B86-F8ED-43AA-9192-9850E9173277}.Release|Any CPU.ActiveCfg = Release|Any CPU
		{A9DE0B86-F8ED-43AA-9192-9850E9173277}.Release|Any CPU.Build.0 = Release|Any CPU
		{BB2CD3A7-771D-4093-B08D-D2017035CD18}.Debug|Any CPU.ActiveCfg = Debug|Any CPU
		{BB2CD3A7-771D-4093-B08D-D2017035CD18}.Debug|Any CPU.Build.0 = Debug|Any CPU
		{BB2CD3A7-771D-4093-B08D-D2017035CD18}.Release|Any CPU.ActiveCfg = Release|Any CPU
		{BB2CD3A7-771D-4093-B08D-D2017035CD18}.Release|Any CPU.Build.0 = Release|Any CPU
		{B1876A42-B07F-4AD7-9F1C-1C426166CB15}.Debug|Any CPU.ActiveCfg = Debug|Any CPU
		{B1876A42-B07F-4AD7-9F1C-1C426166CB15}.Debug|Any CPU.Build.0 = Debug|Any CPU
		{B1876A42-B07F-4AD7-9F1C-1C426166CB15}.Release|Any CPU.ActiveCfg = Release|Any CPU
		{B1876A42-B07F-4AD7-9F1C-1C426166CB15}.Release|Any CPU.Build.0 = Release|Any CPU
	EndGlobalSection
	GlobalSection(SolutionProperties) = preSolution
		HideSolutionNode = FALSE
	EndGlobalSection
	GlobalSection(ExtensibilityGlobals) = postSolution
		SolutionGuid = {05B47809-DFD5-49D7-AF1E-CB61B76F2B3C}
	EndGlobalSection
	GlobalSection(NestedProjects) = preSolution
		{840850A6-0393-4CCD-8763-7ACF9447F276} = {D643AFF9-A3A1-42B1-AC7F-B0E0AA7FB629}
		{A9DE0B86-F8ED-43AA-9192-9850E9173277} = {D643AFF9-A3A1-42B1-AC7F-B0E0AA7FB629}
		{4A1562A8-04B1-4F1C-AA67-34C2B4418DAF} = {A7867BC0-F5BA-4242-A39A-4AEF26D57D9F}
		{BB2CD3A7-771D-4093-B08D-D2017035CD18} = {A7867BC0-F5BA-4242-A39A-4AEF26D57D9F}
		{B1876A42-B07F-4AD7-9F1C-1C426166CB15} = {A7867BC0-F5BA-4242-A39A-4AEF26D57D9F}
	EndGlobalSection
EndGlobal
